directories:
  modules: .wippy
  src: app/
modules:
- name: igor-test-3/test-2
  version: v1.0.10
  hash: 0198604c-3e58-7f01-904e-395a037a4e1a
- name: wippy/llm
  version: v0.0.12
  hash: 0198804f-dfb2-7197-b156-98315cb39ed5
- name: wippy/security
  version: v0.0.7
  hash: 01978c92-7d02-7b4a-95df-55b57cfe80b7
- name: wippy/test
  version: v0.0.8
  hash: 0197e530-927f-75f5-995c-b6f5e0dd32f9
replacements:
- from: igor-test-3/test-2
  to: ./tests/replacements/hello/
