directories:
  modules: .wippy
  src: app/
modules:
- name: igor-test-3/test-2
  version: v1.0.10
  hash: 0198604c-3e58-7f01-904e-395a037a4e1a
- name: wippy/llm
  version: v0.2.3
  hash: 01991a0d-cf24-70fc-ae81-4b4bfacaa577
- name: wippy/security
  version: v0.0.7
  hash: 01978c92-7d02-7b4a-95df-55b57cfe80b7
- name: wippy/test
  version: v0.2.0
  hash: 01991006-a0de-77c0-a0db-8de881e5f0a4
replacements:
- from: igor-test-3/test-2
  to: ./tests/replacements/hello/
