directory: .wippy
modules:
- name: igor-test-3/test-2
  version: v1.0.10
  hash: 0198604c-3e58-7f01-904e-395a037a4e1a
- name: wippy/llm
  version: v0.0.11
  hash: 01984154-6ac5-7325-8b52-27edecfe60f4
- name: wippy/migration
  version: v0.0.10
  hash: 01984114-e585-7da1-b6ab-ea45ca51ddc6
- name: wippy/security
  version: v0.0.7
  hash: 01978c92-7d02-7b4a-95df-55b57cfe80b7
- name: wippy/terminal
  version: v0.0.7
  hash: 01978c92-9604-7b59-a66f-00ba24eb67d9
- name: wippy/test
  version: v0.0.8
  hash: 0197e530-927f-75f5-995c-b6f5e0dd32f9
